
Microsoft Visual Studio Solution File, Format Version 12.00
# Visual Studio Version 17
VisualStudioVersion = 17.7.34031.279
MinimumVisualStudioVersion = 10.0.40219.1
Project("{9A19103F-16F7-4668-BE54-9A1E7A4F7556}") = "TCPChat.WPF", "TCPChat.WPF\TCPChat.WPF.csproj", "{0AC8E67D-9A7A-4DA0-8232-91E7679432DC}"
	ProjectSection(ProjectDependencies) = postProject
		{C4297014-B525-4837-BC01-C508DCC9FC2B} = {C4297014-B525-4837-BC01-C508DCC9FC2B}
	EndProjectSection
EndProject
Project("{9A19103F-16F7-4668-BE54-9A1E7A4F7556}") = "TCPChat.Shared", "TCPChat.Shared\TCPChat.Shared.csproj", "{C4297014-B525-4837-BC01-C508DCC9FC2B}"
EndProject
Project("{9A19103F-16F7-4668-BE54-9A1E7A4F7556}") = "TCPChat.GTK", "TCPChat.GTK\TCPChat.GTK.csproj", "{F39CE61A-A1D6-4776-B56B-33ED5F4825FD}"
	ProjectSection(ProjectDependencies) = postProject
		{C4297014-B525-4837-BC01-C508DCC9FC2B} = {C4297014-B525-4837-BC01-C508DCC9FC2B}
	EndProjectSection
EndProject
Project("{2150E333-8FDC-42A3-9474-1A3956D46DE8}") = "Gtk", "Gtk", "{729AD3F7-A330-46B4-9BAE-781B5D2396BB}"
EndProject
Project("{2150E333-8FDC-42A3-9474-1A3956D46DE8}") = "Avalonia", "Avalonia", "{4DC4D3AF-AB5F-45B2-89B0-B8AFC8F7BDC9}"
EndProject
Project("{9A19103F-16F7-4668-BE54-9A1E7A4F7556}") = "TCPChat.Avalonia", "TCPChat.Avalonia\TCPChat.Avalonia.csproj", "{27C11F80-4879-4D6B-832C-530FE41C2B18}"
	ProjectSection(ProjectDependencies) = postProject
		{C4297014-B525-4837-BC01-C508DCC9FC2B} = {C4297014-B525-4837-BC01-C508DCC9FC2B}
	EndProjectSection
EndProject
Project("{9A19103F-16F7-4668-BE54-9A1E7A4F7556}") = "TCPChat.Avalonia.Desktop", "TCPChat.Avalonia.Desktop\TCPChat.Avalonia.Desktop.csproj", "{2B71AEE7-0BFF-4A08-B643-1C7FFB8DD97D}"
EndProject
Project("{9A19103F-16F7-4668-BE54-9A1E7A4F7556}") = "GtkSharp.Mvvm", "GtkSharp.Mvvm\src\GtkSharp.Mvvm\GtkSharp.Mvvm.csproj", "{364D897A-88D3-4A1F-A888-46A1F846AF04}"
EndProject
Global
	GlobalSection(SolutionConfigurationPlatforms) = preSolution
		Debug|Any CPU = Debug|Any CPU
		Release|Any CPU = Release|Any CPU
	EndGlobalSection
	GlobalSection(ProjectConfigurationPlatforms) = postSolution
		{0AC8E67D-9A7A-4DA0-8232-91E7679432DC}.Debug|Any CPU.ActiveCfg = Debug|Any CPU
		{0AC8E67D-9A7A-4DA0-8232-91E7679432DC}.Debug|Any CPU.Build.0 = Debug|Any CPU
		{0AC8E67D-9A7A-4DA0-8232-91E7679432DC}.Release|Any CPU.ActiveCfg = Release|Any CPU
		{0AC8E67D-9A7A-4DA0-8232-91E7679432DC}.Release|Any CPU.Build.0 = Release|Any CPU
		{C4297014-B525-4837-BC01-C508DCC9FC2B}.Debug|Any CPU.ActiveCfg = Debug|Any CPU
		{C4297014-B525-4837-BC01-C508DCC9FC2B}.Debug|Any CPU.Build.0 = Debug|Any CPU
		{C4297014-B525-4837-BC01-C508DCC9FC2B}.Release|Any CPU.ActiveCfg = Release|Any CPU
		{C4297014-B525-4837-BC01-C508DCC9FC2B}.Release|Any CPU.Build.0 = Release|Any CPU
		{F39CE61A-A1D6-4776-B56B-33ED5F4825FD}.Debug|Any CPU.ActiveCfg = Debug|Any CPU
		{F39CE61A-A1D6-4776-B56B-33ED5F4825FD}.Debug|Any CPU.Build.0 = Debug|Any CPU
		{F39CE61A-A1D6-4776-B56B-33ED5F4825FD}.Release|Any CPU.ActiveCfg = Release|Any CPU
		{F39CE61A-A1D6-4776-B56B-33ED5F4825FD}.Release|Any CPU.Build.0 = Release|Any CPU
		{27C11F80-4879-4D6B-832C-530FE41C2B18}.Debug|Any CPU.ActiveCfg = Debug|Any CPU
		{27C11F80-4879-4D6B-832C-530FE41C2B18}.Debug|Any CPU.Build.0 = Debug|Any CPU
		{27C11F80-4879-4D6B-832C-530FE41C2B18}.Release|Any CPU.ActiveCfg = Release|Any CPU
		{27C11F80-4879-4D6B-832C-530FE41C2B18}.Release|Any CPU.Build.0 = Release|Any CPU
		{2B71AEE7-0BFF-4A08-B643-1C7FFB8DD97D}.Debug|Any CPU.ActiveCfg = Debug|Any CPU
		{2B71AEE7-0BFF-4A08-B643-1C7FFB8DD97D}.Debug|Any CPU.Build.0 = Debug|Any CPU
		{2B71AEE7-0BFF-4A08-B643-1C7FFB8DD97D}.Release|Any CPU.ActiveCfg = Release|Any CPU
		{2B71AEE7-0BFF-4A08-B643-1C7FFB8DD97D}.Release|Any CPU.Build.0 = Release|Any CPU
		{364D897A-88D3-4A1F-A888-46A1F846AF04}.Debug|Any CPU.ActiveCfg = Debug|Any CPU
		{364D897A-88D3-4A1F-A888-46A1F846AF04}.Debug|Any CPU.Build.0 = Debug|Any CPU
		{364D897A-88D3-4A1F-A888-46A1F846AF04}.Release|Any CPU.ActiveCfg = Release|Any CPU
		{364D897A-88D3-4A1F-A888-46A1F846AF04}.Release|Any CPU.Build.0 = Release|Any CPU
	EndGlobalSection
	GlobalSection(SolutionProperties) = preSolution
		HideSolutionNode = FALSE
	EndGlobalSection
	GlobalSection(NestedProjects) = preSolution
		{F39CE61A-A1D6-4776-B56B-33ED5F4825FD} = {729AD3F7-A330-46B4-9BAE-781B5D2396BB}
		{27C11F80-4879-4D6B-832C-530FE41C2B18} = {4DC4D3AF-AB5F-45B2-89B0-B8AFC8F7BDC9}
		{2B71AEE7-0BFF-4A08-B643-1C7FFB8DD97D} = {4DC4D3AF-AB5F-45B2-89B0-B8AFC8F7BDC9}
		{364D897A-88D3-4A1F-A888-46A1F846AF04} = {729AD3F7-A330-46B4-9BAE-781B5D2396BB}
	EndGlobalSection
	GlobalSection(ExtensibilityGlobals) = postSolution
		SolutionGuid = {A0285448-FD87-4511-B47C-7BFC794FBE01}
	EndGlobalSection
EndGlobal
